// !$*UTF8*$!
{
	archiveVersion = 1;
	classes = {
	};
	objectVersion = 77;
	objects = {

/* Begin PBXBuildFile section */
		5027BE882EF2642B00D7E34E /* MenuView.swift in Sources */ = {isa = PBXBuildFile; fileRef = 5027BE872EF2641D00D7E34E /* MenuView.swift */; };
		5027BE8A2EF35F4D00D7E34E /* ProductDetailView.swift in Sources */ = {isa = PBXBuildFile; fileRef = 5027BE892EF35F4D00D7E34E /* ProductDetailView.swift */; };
		5027BE8C2EF4FF1200D7E34E /* CartItem.swift in Sources */ = {isa = PBXBuildFile; fileRef = 5027BE8B2EF4FF0600D7E34E /* CartItem.swift */; };
		5027BE8E2EF4FFFC00D7E34E /* CartManager.swift in Sources */ = {isa = PBXBuildFile; fileRef = 5027BE8D2EF4FFF400D7E34E /* CartManager.swift */; };
		5027BE902EF5043C00D7E34E /* CartView.swift in Sources */ = {isa = PBXBuildFile; fileRef = 5027BE8F2EF5043C00D7E34E /* CartView.swift */; };
		5027BE922EFA467D00D7E34E /* OrderService.swift in Sources */ = {isa = PBXBuildFile; fileRef = 5027BE912EFA467600D7E34E /* OrderService.swift */; };
		5027BE942EFF90C200D7E34E /* AuthViewModel.swift in Sources */ = {isa = PBXBuildFile; fileRef = 5027BE932EFF90BB00D7E34E /* AuthViewModel.swift */; };
		5027BE962EFF92D500D7E34E /* LoginView.swift in Sources */ = {isa = PBXBuildFile; fileRef = 5027BE952EFF92CE00D7E34E /* LoginView.swift */; };
		5027BEFE2F0E074900D7E34E /* ProfileView.swift in Sources */ = {isa = PBXBuildFile; fileRef = 5027BEFD2F0E074900D7E34E /* ProfileView.swift */; };
		5057ABC72EED16D8008EC20C /* MenuItem.swift in Sources */ = {isa = PBXBuildFile; fileRef = 5057ABC62EED16D4008EC20C /* MenuItem.swift */; };
		5057ABC92EED182D008EC20C /* Order.swift in Sources */ = {isa = PBXBuildFile; fileRef = 5057ABC82EED1829008EC20C /* Order.swift */; };
		5057ABD12EEF2C56008EC20C /* MenuService.swift in Sources */ = {isa = PBXBuildFile; fileRef = 5057ABD02EEF2C52008EC20C /* MenuService.swift */; };
		5057ABD32EF0C405008EC20C /* MenuCategory.swift in Sources */ = {isa = PBXBuildFile; fileRef = 5057ABD22EF0C3FA008EC20C /* MenuCategory.swift */; };
		5057ABD52EF10A8C008EC20C /* MenuViewModel.swift in Sources */ = {isa = PBXBuildFile; fileRef = 5057ABD42EF10A85008EC20C /* MenuViewModel.swift */; };
		50FCB0732EEB9ADC0044E84C /* Auth in Frameworks */ = {isa = PBXBuildFile; productRef = 50FCB0722EEB9ADC0044E84C /* Auth */; };
		50FCB0752EEB9ADC0044E84C /* PostgREST in Frameworks */ = {isa = PBXBuildFile; productRef = 50FCB0742EEB9ADC0044E84C /* PostgREST */; };
		50FCB0772EEB9ADC0044E84C /* Realtime in Frameworks */ = {isa = PBXBuildFile; productRef = 50FCB0762EEB9ADC0044E84C /* Realtime */; };
		50FCB0792EEB9ADC0044E84C /* Storage in Frameworks */ = {isa = PBXBuildFile; productRef = 50FCB0782EEB9ADC0044E84C /* Storage */; };
		50FCB0842EEB9CA00044E84C /* Config.xcconfig in Resources */ = {isa = PBXBuildFile; fileRef = 50FCB0832EEB9CA00044E84C /* Config.xcconfig */; };
		50FCB08B2EEBC0C30044E84C /* Assets.xcassets in Resources */ = {isa = PBXBuildFile; fileRef = 50FCB0872EEBC0C30044E84C /* Assets.xcassets */; };
		50FCB08C2EEBC0C30044E84C /* Bayside_UserApp.swift in Sources */ = {isa = PBXBuildFile; fileRef = 50FCB0882EEBC0C30044E84C /* Bayside_UserApp.swift */; };
		50FCB08D2EEBC0C30044E84C /* MainTabView.swift in Sources */ = {isa = PBXBuildFile; fileRef = 50FCB0892EEBC0C30044E84C /* MainTabView.swift */; };
		50FCB09E2EEBC55E0044E84C /* SupabaseManager.swift in Sources */ = {isa = PBXBuildFile; fileRef = 50FCB09D2EEBC5500044E84C /* SupabaseManager.swift */; };
		50FCB0A12EEBC5920044E84C /* Supabase in Frameworks */ = {isa = PBXBuildFile; productRef = 50FCB0A02EEBC5920044E84C /* Supabase */; };
/* End PBXBuildFile section */

/* Begin PBXFileReference section */
		5027BE872EF2641D00D7E34E /* MenuView.swift */ = {isa = PBXFileReference; lastKnownFileType = sourcecode.swift; path = MenuView.swift; sourceTree = "<group>"; };
		5027BE892EF35F4D00D7E34E /* ProductDetailView.swift */ = {isa = PBXFileReference; lastKnownFileType = sourcecode.swift; path = ProductDetailView.swift; sourceTree = "<group>"; };
		5027BE8B2EF4FF0600D7E34E /* CartItem.swift */ = {isa = PBXFileReference; lastKnownFileType = sourcecode.swift; path = CartItem.swift; sourceTree = "<group>"; };
		5027BE8D2EF4FFF400D7E34E /* CartManager.swift */ = {isa = PBXFileReference; lastKnownFileType = sourcecode.swift; path = CartManager.swift; sourceTree = "<group>"; };
		5027BE8F2EF5043C00D7E34E /* CartView.swift */ = {isa = PBXFileReference; lastKnownFileType = sourcecode.swift; path = CartView.swift; sourceTree = "<group>"; };
		5027BE912EFA467600D7E34E /* OrderService.swift */ = {isa = PBXFileReference; lastKnownFileType = sourcecode.swift; path = OrderService.swift; sourceTree = "<group>"; };
		5027BE932EFF90BB00D7E34E /* AuthViewModel.swift */ = {isa = PBXFileReference; lastKnownFileType = sourcecode.swift; path = AuthViewModel.swift; sourceTree = "<group>"; };
		5027BE952EFF92CE00D7E34E /* LoginView.swift */ = {isa = PBXFileReference; lastKnownFileType = sourcecode.swift; path = LoginView.swift; sourceTree = "<group>"; };
		5027BEFD2F0E074900D7E34E /* ProfileView.swift */ = {isa = PBXFileReference; lastKnownFileType = sourcecode.swift; path = ProfileView.swift; sourceTree = "<group>"; };
		5057ABC62EED16D4008EC20C /* MenuItem.swift */ = {isa = PBXFileReference; lastKnownFileType = sourcecode.swift; path = MenuItem.swift; sourceTree = "<group>"; };
		5057ABC82EED1829008EC20C /* Order.swift */ = {isa = PBXFileReference; lastKnownFileType = sourcecode.swift; path = Order.swift; sourceTree = "<group>"; };
		5057ABD02EEF2C52008EC20C /* MenuService.swift */ = {isa = PBXFileReference; lastKnownFileType = sourcecode.swift; path = MenuService.swift; sourceTree = "<group>"; };
		5057ABD22EF0C3FA008EC20C /* MenuCategory.swift */ = {isa = PBXFileReference; lastKnownFileType = sourcecode.swift; path = MenuCategory.swift; sourceTree = "<group>"; };
		5057ABD42EF10A85008EC20C /* MenuViewModel.swift */ = {isa = PBXFileReference; lastKnownFileType = sourcecode.swift; path = MenuViewModel.swift; sourceTree = "<group>"; };
		50FCB01B2EEB98990044E84C /* Bayside-User.app */ = {isa = PBXFileReference; explicitFileType = wrapper.application; includeInIndex = 0; path = "Bayside-User.app"; sourceTree = BUILT_PRODUCTS_DIR; };
		50FCB0832EEB9CA00044E84C /* Config.xcconfig */ = {isa = PBXFileReference; lastKnownFileType = text.xcconfig; name = Config.xcconfig; path = ../Config.xcconfig; sourceTree = SOURCE_ROOT; };
		50FCB0872EEBC0C30044E84C /* Assets.xcassets */ = {isa = PBXFileReference; lastKnownFileType = folder.assetcatalog; path = Assets.xcassets; sourceTree = "<group>"; };
		50FCB0882EEBC0C30044E84C /* Bayside_UserApp.swift */ = {isa = PBXFileReference; lastKnownFileType = sourcecode.swift; path = Bayside_UserApp.swift; sourceTree = "<group>"; };
		50FCB0892EEBC0C30044E84C /* MainTabView.swift */ = {isa = PBXFileReference; lastKnownFileType = sourcecode.swift; path = MainTabView.swift; sourceTree = "<group>"; };
		50FCB09D2EEBC5500044E84C /* SupabaseManager.swift */ = {isa = PBXFileReference; lastKnownFileType = sourcecode.swift; path = SupabaseManager.swift; sourceTree = "<group>"; };
		50FCB0A22EEBCA920044E84C /* Info.plist */ = {isa = PBXFileReference; lastKnownFileType = text.plist; path = Info.plist; sourceTree = "<group>"; };
/* End PBXFileReference section */

/* Begin PBXFrameworksBuildPhase section */
		50FCB0182EEB98990044E84C /* Frameworks */ = {
			isa = PBXFrameworksBuildPhase;
			buildActionMask = 2147483647;
			files = (
				50FCB0A12EEBC5920044E84C /* Supabase in Frameworks */,
				50FCB0792EEB9ADC0044E84C /* Storage in Frameworks */,
				50FCB0772EEB9ADC0044E84C /* Realtime in Frameworks */,
				50FCB0752EEB9ADC0044E84C /* PostgREST in Frameworks */,
				50FCB0732EEB9ADC0044E84C /* Auth in Frameworks */,
			);
			runOnlyForDeploymentPostprocessing = 0;
		};
/* End PBXFrameworksBuildPhase section */

/* Begin PBXGroup section */
		50FCB0122EEB98990044E84C = {
			isa = PBXGroup;
			children = (
				50FCB08A2EEBC0C30044E84C /* Bayside-User */,
				50FCB09F2EEBC5920044E84C /* Frameworks */,
				50FCB01C2EEB98990044E84C /* Products */,
			);
			sourceTree = "<group>";
		};
		50FCB01C2EEB98990044E84C /* Products */ = {
			isa = PBXGroup;
			children = (
				50FCB01B2EEB98990044E84C /* Bayside-User.app */,
			);
			name = Products;
			sourceTree = "<group>";
		};
		50FCB08A2EEBC0C30044E84C /* Bayside-User */ = {
			isa = PBXGroup;
			children = (
				50FCB0A22EEBCA920044E84C /* Info.plist */,
				50FCB0912EEBC1460044E84C /* Models */,
				50FCB0902EEBC13B0044E84C /* Services */,
				50FCB08F2EEBC12B0044E84C /* Features */,
				50FCB08E2EEBC1170044E84C /* Core */,
			);
			path = "Bayside-User";
			sourceTree = "<group>";
		};
		50FCB08E2EEBC1170044E84C /* Core */ = {
			isa = PBXGroup;
			children = (
				50FCB0832EEB9CA00044E84C /* Config.xcconfig */,
				50FCB0872EEBC0C30044E84C /* Assets.xcassets */,
				50FCB0882EEBC0C30044E84C /* Bayside_UserApp.swift */,
			);
			path = Core;
			sourceTree = "<group>";
		};
		50FCB08F2EEBC12B0044E84C /* Features */ = {
			isa = PBXGroup;
			children = (
				5027BE952EFF92CE00D7E34E /* LoginView.swift */,
				5027BE872EF2641D00D7E34E /* MenuView.swift */,
				5057ABD42EF10A85008EC20C /* MenuViewModel.swift */,
				50FCB0892EEBC0C30044E84C /* MainTabView.swift */,
				5027BE892EF35F4D00D7E34E /* ProductDetailView.swift */,
				5027BE8F2EF5043C00D7E34E /* CartView.swift */,
				5027BEFD2F0E074900D7E34E /* ProfileView.swift */,
			);
			path = Features;
			sourceTree = "<group>";
		};
		50FCB0902EEBC13B0044E84C /* Services */ = {
			isa = PBXGroup;
			children = (
				5027BE912EFA467600D7E34E /* OrderService.swift */,
				5027BE8D2EF4FFF400D7E34E /* CartManager.swift */,
				5057ABD02EEF2C52008EC20C /* MenuService.swift */,
				50FCB09D2EEBC5500044E84C /* SupabaseManager.swift */,
			);
			path = Services;
			sourceTree = "<group>";
		};
		50FCB0912EEBC1460044E84C /* Models */ = {
			isa = PBXGroup;
			children = (
				5027BE932EFF90BB00D7E34E /* AuthViewModel.swift */,
				5027BE8B2EF4FF0600D7E34E /* CartItem.swift */,
				5057ABD22EF0C3FA008EC20C /* MenuCategory.swift */,
				5057ABC82EED1829008EC20C /* Order.swift */,
				5057ABC62EED16D4008EC20C /* MenuItem.swift */,
			);
			path = Models;
			sourceTree = "<group>";
		};
		50FCB09F2EEBC5920044E84C /* Frameworks */ = {
			isa = PBXGroup;
			children = (
			);
			name = Frameworks;
			sourceTree = "<group>";
		};
/* End PBXGroup section */

/* Begin PBXNativeTarget section */
		50FCB01A2EEB98990044E84C /* Bayside-User */ = {
			isa = PBXNativeTarget;
			buildConfigurationList = 50FCB0262EEB989A0044E84C /* Build configuration list for PBXNativeTarget "Bayside-User" */;
			buildPhases = (
				50FCB0172EEB98990044E84C /* Sources */,
				50FCB0182EEB98990044E84C /* Frameworks */,
				50FCB0192EEB98990044E84C /* Resources */,
			);
			buildRules = (
			);
			dependencies = (
			);
			name = "Bayside-User";
			packageProductDependencies = (
				50FCB0722EEB9ADC0044E84C /* Auth */,
				50FCB0742EEB9ADC0044E84C /* PostgREST */,
				50FCB0762EEB9ADC0044E84C /* Realtime */,
				50FCB0782EEB9ADC0044E84C /* Storage */,
				50FCB0A02EEBC5920044E84C /* Supabase */,
			);
			productName = "Bayside-User";
			productReference = 50FCB01B2EEB98990044E84C /* Bayside-User.app */;
			productType = "com.apple.product-type.application";
		};
/* End PBXNativeTarget section */

/* Begin PBXProject section */
		50FCB0132EEB98990044E84C /* Project object */ = {
			isa = PBXProject;
			attributes = {
				BuildIndependentTargetsInParallel = 1;
				LastSwiftUpdateCheck = 2610;
				LastUpgradeCheck = 2610;
				TargetAttributes = {
					50FCB01A2EEB98990044E84C = {
						CreatedOnToolsVersion = 26.1.1;
					};
				};
			};
			buildConfigurationList = 50FCB0162EEB98990044E84C /* Build configuration list for PBXProject "Bayside-User" */;
			developmentRegion = en;
			hasScannedForEncodings = 0;
			knownRegions = (
				en,
				Base,
			);
			mainGroup = 50FCB0122EEB98990044E84C;
			minimizedProjectReferenceProxies = 1;
			packageReferences = (
				50FCB0712EEB9ADC0044E84C /* XCRemoteSwiftPackageReference "supabase-swift" */,
			);
			preferredProjectObjectVersion = 77;
			productRefGroup = 50FCB01C2EEB98990044E84C /* Products */;
			projectDirPath = "";
			projectRoot = "";
			targets = (
				50FCB01A2EEB98990044E84C /* Bayside-User */,
			);
		};
/* End PBXProject section */

/* Begin PBXResourcesBuildPhase section */
		50FCB0192EEB98990044E84C /* Resources */ = {
			isa = PBXResourcesBuildPhase;
			buildActionMask = 2147483647;
			files = (
				50FCB08B2EEBC0C30044E84C /* Assets.xcassets in Resources */,
				50FCB0842EEB9CA00044E84C /* Config.xcconfig in Resources */,
			);
			runOnlyForDeploymentPostprocessing = 0;
		};
/* End PBXResourcesBuildPhase section */

/* Begin PBXSourcesBuildPhase section */
		50FCB0172EEB98990044E84C /* Sources */ = {
			isa = PBXSourcesBuildPhase;
			buildActionMask = 2147483647;
			files = (
				50FCB09E2EEBC55E0044E84C /* SupabaseManager.swift in Sources */,
				5027BE8E2EF4FFFC00D7E34E /* CartManager.swift in Sources */,
				5027BE902EF5043C00D7E34E /* CartView.swift in Sources */,
				5027BE8A2EF35F4D00D7E34E /* ProductDetailView.swift in Sources */,
				5027BE8C2EF4FF1200D7E34E /* CartItem.swift in Sources */,
				5027BE942EFF90C200D7E34E /* AuthViewModel.swift in Sources */,
				5057ABC72EED16D8008EC20C /* MenuItem.swift in Sources */,
				5057ABD12EEF2C56008EC20C /* MenuService.swift in Sources */,
				5057ABD32EF0C405008EC20C /* MenuCategory.swift in Sources */,
				5027BEFE2F0E074900D7E34E /* ProfileView.swift in Sources */,
				5027BE922EFA467D00D7E34E /* OrderService.swift in Sources */,
				5027BE882EF2642B00D7E34E /* MenuView.swift in Sources */,
				5057ABC92EED182D008EC20C /* Order.swift in Sources */,
				50FCB08C2EEBC0C30044E84C /* Bayside_UserApp.swift in Sources */,
				50FCB08D2EEBC0C30044E84C /* MainTabView.swift in Sources */,
				5027BE962EFF92D500D7E34E /* LoginView.swift in Sources */,
				5057ABD52EF10A8C008EC20C /* MenuViewModel.swift in Sources */,
			);
			runOnlyForDeploymentPostprocessing = 0;
		};
/* End PBXSourcesBuildPhase section */

/* Begin XCBuildConfiguration section */
		50FCB0242EEB989A0044E84C /* Debug */ = {
			isa = XCBuildConfiguration;
			baseConfigurationReference = 50FCB0832EEB9CA00044E84C /* Config.xcconfig */;
			buildSettings = {
				ALWAYS_SEARCH_USER_PATHS = NO;
				ASSETCATALOG_COMPILER_GENERATE_SWIFT_ASSET_SYMBOL_EXTENSIONS = YES;
				CLANG_ANALYZER_NONNULL = YES;
				CLANG_ANALYZER_NUMBER_OBJECT_CONVERSION = YES_AGGRESSIVE;
				CLANG_CXX_LANGUAGE_STANDARD = "gnu++20";
				CLANG_ENABLE_MODULES = YES;
				CLANG_ENABLE_OBJC_ARC = YES;
				CLANG_ENABLE_OBJC_WEAK = YES;
				CLANG_WARN_BLOCK_CAPTURE_AUTORELEASING = YES;
				CLANG_WARN_BOOL_CONVERSION = YES;
				CLANG_WARN_COMMA = YES;
				CLANG_WARN_CONSTANT_CONVERSION = YES;
				CLANG_WARN_DEPRECATED_OBJC_IMPLEMENTATIONS = YES;
				CLANG_WARN_DIRECT_OBJC_ISA_USAGE = YES_ERROR;
				CLANG_WARN_DOCUMENTATION_COMMENTS = YES;
				CLANG_WARN_EMPTY_BODY = YES;
				CLANG_WARN_ENUM_CONVERSION = YES;
				CLANG_WARN_INFINITE_RECURSION = YES;
				CLANG_WARN_INT_CONVERSION = YES;
				CLANG_WARN_NON_LITERAL_NULL_CONVERSION = YES;
				CLANG_WARN_OBJC_IMPLICIT_RETAIN_SELF = YES;
				CLANG_WARN_OBJC_LITERAL_CONVERSION = YES;
				CLANG_WARN_OBJC_ROOT_CLASS = YES_ERROR;
				CLANG_WARN_QUOTED_INCLUDE_IN_FRAMEWORK_HEADER = YES;
				CLANG_WARN_RANGE_LOOP_ANALYSIS = YES;
				CLANG_WARN_STRICT_PROTOTYPES = YES;
				CLANG_WARN_SUSPICIOUS_MOVE = YES;
				CLANG_WARN_UNGUARDED_AVAILABILITY = YES_AGGRESSIVE;
				CLANG_WARN_UNREACHABLE_CODE = YES;
				CLANG_WARN__DUPLICATE_METHOD_MATCH = YES;
				COPY_PHASE_STRIP = NO;
				DEBUG_INFORMATION_FORMAT = dwarf;
				DEVELOPMENT_TEAM = 7C7Q223T5G;
				ENABLE_STRICT_OBJC_MSGSEND = YES;
				ENABLE_TESTABILITY = YES;
				ENABLE_USER_SCRIPT_SANDBOXING = YES;
				GCC_C_LANGUAGE_STANDARD = gnu17;
				GCC_DYNAMIC_NO_PIC = NO;
				GCC_NO_COMMON_BLOCKS = YES;
				GCC_OPTIMIZATION_LEVEL = 0;
				GCC_PREPROCESSOR_DEFINITIONS = (
					"DEBUG=1",
					"$(inherited)",
				);
				GCC_WARN_64_TO_32_BIT_CONVERSION = YES;
				GCC_WARN_ABOUT_RETURN_TYPE = YES_ERROR;
				GCC_WARN_UNDECLARED_SELECTOR = YES;
				GCC_WARN_UNINITIALIZED_AUTOS = YES_AGGRESSIVE;
				GCC_WARN_UNUSED_FUNCTION = YES;
				GCC_WARN_UNUSED_VARIABLE = YES;
				IPHONEOS_DEPLOYMENT_TARGET = 26.1;
				LOCALIZATION_PREFERS_STRING_CATALOGS = YES;
				MTL_ENABLE_DEBUG_INFO = INCLUDE_SOURCE;
				MTL_FAST_MATH = YES;
				ONLY_ACTIVE_ARCH = YES;
				SDKROOT = iphoneos;
				SWIFT_ACTIVE_COMPILATION_CONDITIONS = "DEBUG $(inherited)";
				SWIFT_OPTIMIZATION_LEVEL = "-Onone";
			};
			name = Debug;
		};
		50FCB0252EEB989A0044E84C /* Release */ = {
			isa = XCBuildConfiguration;
			baseConfigurationReference = 50FCB0832EEB9CA00044E84C /* Config.xcconfig */;
			buildSettings = {
				ALWAYS_SEARCH_USER_PATHS = NO;
				ASSETCATALOG_COMPILER_GENERATE_SWIFT_ASSET_SYMBOL_EXTENSIONS = YES;
				CLANG_ANALYZER_NONNULL = YES;
				CLANG_ANALYZER_NUMBER_OBJECT_CONVERSION = YES_AGGRESSIVE;
				CLANG_CXX_LANGUAGE_STANDARD = "gnu++20";
				CLANG_ENABLE_MODULES = YES;
				CLANG_ENABLE_OBJC_ARC = YES;
				CLANG_ENABLE_OBJC_WEAK = YES;
				CLANG_WARN_BLOCK_CAPTURE_AUTORELEASING = YES;
				CLANG_WARN_BOOL_CONVERSION = YES;
				CLANG_WARN_COMMA = YES;
				CLANG_WARN_CONSTANT_CONVERSION = YES;
				CLANG_WARN_DEPRECATED_OBJC_IMPLEMENTATIONS = YES;
				CLANG_WARN_DIRECT_OBJC_ISA_USAGE = YES_ERROR;
				CLANG_WARN_DOCUMENTATION_COMMENTS = YES;
				CLANG_WARN_EMPTY_BODY = YES;
				CLANG_WARN_ENUM_CONVERSION = YES;
				CLANG_WARN_INFINITE_RECURSION = YES;
				CLANG_WARN_INT_CONVERSION = YES;
				CLANG_WARN_NON_LITERAL_NULL_CONVERSION = YES;
				CLANG_WARN_OBJC_IMPLICIT_RETAIN_SELF = YES;
				CLANG_WARN_OBJC_LITERAL_CONVERSION = YES;
				CLANG_WARN_OBJC_ROOT_CLASS = YES_ERROR;
				CLANG_WARN_QUOTED_INCLUDE_IN_FRAMEWORK_HEADER = YES;
				CLANG_WARN_RANGE_LOOP_ANALYSIS = YES;
				CLANG_WARN_STRICT_PROTOTYPES = YES;
				CLANG_WARN_SUSPICIOUS_MOVE = YES;
				CLANG_WARN_UNGUARDED_AVAILABILITY = YES_AGGRESSIVE;
				CLANG_WARN_UNREACHABLE_CODE = YES;
				CLANG_WARN__DUPLICATE_METHOD_MATCH = YES;
				COPY_PHASE_STRIP = NO;
				DEBUG_INFORMATION_FORMAT = "dwarf-with-dsym";
				DEVELOPMENT_TEAM = 7C7Q223T5G;
				ENABLE_NS_ASSERTIONS = NO;
				ENABLE_STRICT_OBJC_MSGSEND = YES;
				ENABLE_USER_SCRIPT_SANDBOXING = YES;
				GCC_C_LANGUAGE_STANDARD = gnu17;
				GCC_NO_COMMON_BLOCKS = YES;
				GCC_WARN_64_TO_32_BIT_CONVERSION = YES;
				GCC_WARN_ABOUT_RETURN_TYPE = YES_ERROR;
				GCC_WARN_UNDECLARED_SELECTOR = YES;
				GCC_WARN_UNINITIALIZED_AUTOS = YES_AGGRESSIVE;
				GCC_WARN_UNUSED_FUNCTION = YES;
				GCC_WARN_UNUSED_VARIABLE = YES;
				IPHONEOS_DEPLOYMENT_TARGET = 26.1;
				LOCALIZATION_PREFERS_STRING_CATALOGS = YES;
				MTL_ENABLE_DEBUG_INFO = NO;
				MTL_FAST_MATH = YES;
				SDKROOT = iphoneos;
				SWIFT_COMPILATION_MODE = wholemodule;
				VALIDATE_PRODUCT = YES;
			};
			name = Release;
		};
		50FCB0272EEB989A0044E84C /* Debug */ = {
			isa = XCBuildConfiguration;
			baseConfigurationReference = 50FCB0832EEB9CA00044E84C /* Config.xcconfig */;
			buildSettings = {
				ASSETCATALOG_COMPILER_APPICON_NAME = AppIcon;
				ASSETCATALOG_COMPILER_GLOBAL_ACCENT_COLOR_NAME = AccentColor;
				CODE_SIGN_STYLE = Automatic;
				CURRENT_PROJECT_VERSION = 1;
				DEVELOPMENT_TEAM = 7C7Q223T5G;
				ENABLE_PREVIEWS = YES;
				GENERATE_INFOPLIST_FILE = YES;
				INFOPLIST_FILE = "Bayside-User/Info.plist";
				INFOPLIST_KEY_UIApplicationSceneManifest_Generation = YES;
				INFOPLIST_KEY_UIApplicationSupportsIndirectInputEvents = YES;
				INFOPLIST_KEY_UILaunchScreen_Generation = YES;
				INFOPLIST_KEY_UISupportedInterfaceOrientations_iPad = "UIInterfaceOrientationPortrait UIInterfaceOrientationPortraitUpsideDown UIInterfaceOrientationLandscapeLeft UIInterfaceOrientationLandscapeRight";
				INFOPLIST_KEY_UISupportedInterfaceOrientations_iPhone = "UIInterfaceOrientationPortrait UIInterfaceOrientationLandscapeLeft UIInterfaceOrientationLandscapeRight";
				LD_RUNPATH_SEARCH_PATHS = (
					"$(inherited)",
					"@executable_path/Frameworks",
				);
				MARKETING_VERSION = 1.0;
				PRODUCT_BUNDLE_IDENTIFIER = "com.harshmakwana.Bayside-User";
				PRODUCT_NAME = "$(TARGET_NAME)";
				STRING_CATALOG_GENERATE_SYMBOLS = YES;
				SWIFT_APPROACHABLE_CONCURRENCY = YES;
				SWIFT_DEFAULT_ACTOR_ISOLATION = MainActor;
				SWIFT_EMIT_LOC_STRINGS = YES;
				SWIFT_UPCOMING_FEATURE_MEMBER_IMPORT_VISIBILITY = YES;
				SWIFT_VERSION = 5.0;
				TARGETED_DEVICE_FAMILY = "1,2";
			};
			name = Debug;
		};
		50FCB0282EEB989A0044E84C /* Release */ = {
			isa = XCBuildConfiguration;
			baseConfigurationReference = 50FCB0832EEB9CA00044E84C /* Config.xcconfig */;
			buildSettings = {
				ASSETCATALOG_COMPILER_APPICON_NAME = AppIcon;
				ASSETCATALOG_COMPILER_GLOBAL_ACCENT_COLOR_NAME = AccentColor;
				CODE_SIGN_STYLE = Automatic;
				CURRENT_PROJECT_VERSION = 1;
				DEVELOPMENT_TEAM = 7C7Q223T5G;
				ENABLE_PREVIEWS = YES;
				GENERATE_INFOPLIST_FILE = YES;
				INFOPLIST_FILE = "Bayside-User/Info.plist";
				INFOPLIST_KEY_UIApplicationSceneManifest_Generation = YES;
				INFOPLIST_KEY_UIApplicationSupportsIndirectInputEvents = YES;
				INFOPLIST_KEY_UILaunchScreen_Generation = YES;
				INFOPLIST_KEY_UISupportedInterfaceOrientations_iPad = "UIInterfaceOrientationPortrait UIInterfaceOrientationPortraitUpsideDown UIInterfaceOrientationLandscapeLeft UIInterfaceOrientationLandscapeRight";
				INFOPLIST_KEY_UISupportedInterfaceOrientations_iPhone = "UIInterfaceOrientationPortrait UIInterfaceOrientationLandscapeLeft UIInterfaceOrientationLandscapeRight";
				LD_RUNPATH_SEARCH_PATHS = (
					"$(inherited)",
					"@executable_path/Frameworks",
				);
				MARKETING_VERSION = 1.0;
				PRODUCT_BUNDLE_IDENTIFIER = "com.harshmakwana.Bayside-User";
				PRODUCT_NAME = "$(TARGET_NAME)";
				STRING_CATALOG_GENERATE_SYMBOLS = YES;
				SWIFT_APPROACHABLE_CONCURRENCY = YES;
				SWIFT_DEFAULT_ACTOR_ISOLATION = MainActor;
				SWIFT_EMIT_LOC_STRINGS = YES;
				SWIFT_UPCOMING_FEATURE_MEMBER_IMPORT_VISIBILITY = YES;
				SWIFT_VERSION = 5.0;
				TARGETED_DEVICE_FAMILY = "1,2";
			};
			name = Release;
		};
/* End XCBuildConfiguration section */

/* Begin XCConfigurationList section */
		50FCB0162EEB98990044E84C /* Build configuration list for PBXProject "Bayside-User" */ = {
			isa = XCConfigurationList;
			buildConfigurations = (
				50FCB0242EEB989A0044E84C /* Debug */,
				50FCB0252EEB989A0044E84C /* Release */,
			);
			defaultConfigurationIsVisible = 0;
			defaultConfigurationName = Release;
		};
		50FCB0262EEB989A0044E84C /* Build configuration list for PBXNativeTarget "Bayside-User" */ = {
			isa = XCConfigurationList;
			buildConfigurations = (
				50FCB0272EEB989A0044E84C /* Debug */,
				50FCB0282EEB989A0044E84C /* Release */,
			);
			defaultConfigurationIsVisible = 0;
			defaultConfigurationName = Release;
		};
/* End XCConfigurationList section */

/* Begin XCRemoteSwiftPackageReference section */
		50FCB0712EEB9ADC0044E84C /* XCRemoteSwiftPackageReference "supabase-swift" */ = {
			isa = XCRemoteSwiftPackageReference;
			repositoryURL = "https://github.com/supabase/supabase-swift";
			requirement = {
				kind = upToNextMajorVersion;
				minimumVersion = 2.5.1;
			};
		};
/* End XCRemoteSwiftPackageReference section */

/* Begin XCSwiftPackageProductDependency section */
		50FCB0722EEB9ADC0044E84C /* Auth */ = {
			isa = XCSwiftPackageProductDependency;
			package = 50FCB0712EEB9ADC0044E84C /* XCRemoteSwiftPackageReference "supabase-swift" */;
			productName = Auth;
		};
		50FCB0742EEB9ADC0044E84C /* PostgREST */ = {
			isa = XCSwiftPackageProductDependency;
			package = 50FCB0712EEB9ADC0044E84C /* XCRemoteSwiftPackageReference "supabase-swift" */;
			productName = PostgREST;
		};
		50FCB0762EEB9ADC0044E84C /* Realtime */ = {
			isa = XCSwiftPackageProductDependency;
			package = 50FCB0712EEB9ADC0044E84C /* XCRemoteSwiftPackageReference "supabase-swift" */;
			productName = Realtime;
		};
		50FCB0782EEB9ADC0044E84C /* Storage */ = {
			isa = XCSwiftPackageProductDependency;
			package = 50FCB0712EEB9ADC0044E84C /* XCRemoteSwiftPackageReference "supabase-swift" */;
			productName = Storage;
		};
		50FCB0A02EEBC5920044E84C /* Supabase */ = {
			isa = XCSwiftPackageProductDependency;
			package = 50FCB0712EEB9ADC0044E84C /* XCRemoteSwiftPackageReference "supabase-swift" */;
			productName = Supabase;
		};
/* End XCSwiftPackageProductDependency section */
	};
	rootObject = 50FCB0132EEB98990044E84C /* Project object */;
}
