// !$*UTF8*$!
{
	archiveVersion = 1;
	classes = {
	};
	objectVersion = 77;
	objects = {

/* Begin PBXBuildFile section */
		5057ABCC2EED198A008EC20C /* MenuItem.swift in Sources */ = {isa = PBXBuildFile; fileRef = 5057ABCB2EED198A008EC20C /* MenuItem.swift */; };
		5057ABCD2EED198A008EC20C /* Order.swift in Sources */ = {isa = PBXBuildFile; fileRef = 5057ABCA2EED198A008EC20C /* Order.swift */; };
		50FCB07C2EEB9AFB0044E84C /* Auth in Frameworks */ = {isa = PBXBuildFile; productRef = 50FCB07B2EEB9AFB0044E84C /* Auth */; };
		50FCB07E2EEB9AFB0044E84C /* PostgREST in Frameworks */ = {isa = PBXBuildFile; productRef = 50FCB07D2EEB9AFB0044E84C /* PostgREST */; };
		50FCB0802EEB9AFB0044E84C /* Realtime in Frameworks */ = {isa = PBXBuildFile; productRef = 50FCB07F2EEB9AFB0044E84C /* Realtime */; };
		50FCB0822EEB9AFB0044E84C /* Storage in Frameworks */ = {isa = PBXBuildFile; productRef = 50FCB0812EEB9AFB0044E84C /* Storage */; };
		50FCB0862EEB9F9A0044E84C /* Config.xcconfig in Resources */ = {isa = PBXBuildFile; fileRef = 50FCB0852EEB9F9A0044E84C /* Config.xcconfig */; };
		50FCB0962EEBC1B60044E84C /* AdminRootView.swift in Sources */ = {isa = PBXBuildFile; fileRef = 50FCB0922EEBC1B60044E84C /* AdminRootView.swift */; };
		50FCB0972EEBC1B60044E84C /* Bayside_AdminApp.swift in Sources */ = {isa = PBXBuildFile; fileRef = 50FCB0942EEBC1B60044E84C /* Bayside_AdminApp.swift */; };
		50FCB0982EEBC1B60044E84C /* Assets.xcassets in Resources */ = {isa = PBXBuildFile; fileRef = 50FCB0932EEBC1B60044E84C /* Assets.xcassets */; };
/* End PBXBuildFile section */

/* Begin PBXFileReference section */
		5057ABCA2EED198A008EC20C /* Order.swift */ = {isa = PBXFileReference; lastKnownFileType = sourcecode.swift; path = Order.swift; sourceTree = "<group>"; };
		5057ABCB2EED198A008EC20C /* MenuItem.swift */ = {isa = PBXFileReference; lastKnownFileType = sourcecode.swift; path = MenuItem.swift; sourceTree = "<group>"; };
		50FCB05D2EEB9A4B0044E84C /* Bayside-Admin.app */ = {isa = PBXFileReference; explicitFileType = wrapper.application; includeInIndex = 0; path = "Bayside-Admin.app"; sourceTree = BUILT_PRODUCTS_DIR; };
		50FCB0852EEB9F9A0044E84C /* Config.xcconfig */ = {isa = PBXFileReference; lastKnownFileType = text.xcconfig; name = Config.xcconfig; path = ../Config.xcconfig; sourceTree = SOURCE_ROOT; };
		50FCB0922EEBC1B60044E84C /* AdminRootView.swift */ = {isa = PBXFileReference; lastKnownFileType = sourcecode.swift; path = AdminRootView.swift; sourceTree = "<group>"; };
		50FCB0932EEBC1B60044E84C /* Assets.xcassets */ = {isa = PBXFileReference; lastKnownFileType = folder.assetcatalog; path = Assets.xcassets; sourceTree = "<group>"; };
		50FCB0942EEBC1B60044E84C /* Bayside_AdminApp.swift */ = {isa = PBXFileReference; lastKnownFileType = sourcecode.swift; path = Bayside_AdminApp.swift; sourceTree = "<group>"; };
		50FCB0A32EEBCAD40044E84C /* Info.plist */ = {isa = PBXFileReference; lastKnownFileType = text.plist; path = Info.plist; sourceTree = "<group>"; };
/* End PBXFileReference section */

/* Begin PBXFrameworksBuildPhase section */
		50FCB05A2EEB9A4B0044E84C /* Frameworks */ = {
			isa = PBXFrameworksBuildPhase;
			buildActionMask = 2147483647;
			files = (
				50FCB0822EEB9AFB0044E84C /* Storage in Frameworks */,
				50FCB0802EEB9AFB0044E84C /* Realtime in Frameworks */,
				50FCB07E2EEB9AFB0044E84C /* PostgREST in Frameworks */,
				50FCB07C2EEB9AFB0044E84C /* Auth in Frameworks */,
			);
			runOnlyForDeploymentPostprocessing = 0;
		};
/* End PBXFrameworksBuildPhase section */

/* Begin PBXGroup section */
		50FCB0542EEB9A4B0044E84C = {
			isa = PBXGroup;
			children = (
				50FCB0952EEBC1B60044E84C /* Bayside-Admin */,
				50FCB05E2EEB9A4B0044E84C /* Products */,
			);
			sourceTree = "<group>";
		};
		50FCB05E2EEB9A4B0044E84C /* Products */ = {
			isa = PBXGroup;
			children = (
				50FCB05D2EEB9A4B0044E84C /* Bayside-Admin.app */,
			);
			name = Products;
			sourceTree = "<group>";
		};
		50FCB0952EEBC1B60044E84C /* Bayside-Admin */ = {
			isa = PBXGroup;
			children = (
				50FCB0A32EEBCAD40044E84C /* Info.plist */,
				50FCB09C2EEBC1D30044E84C /* Models */,
				50FCB09B2EEBC1CD0044E84C /* Services */,
				50FCB09A2EEBC1C60044E84C /* Features */,
				50FCB0992EEBC1BE0044E84C /* Core */,
			);
			path = "Bayside-Admin";
			sourceTree = "<group>";
		};
		50FCB0992EEBC1BE0044E84C /* Core */ = {
			isa = PBXGroup;
			children = (
				50FCB0932EEBC1B60044E84C /* Assets.xcassets */,
				50FCB0942EEBC1B60044E84C /* Bayside_AdminApp.swift */,
				50FCB0852EEB9F9A0044E84C /* Config.xcconfig */,
			);
			path = Core;
			sourceTree = "<group>";
		};
		50FCB09A2EEBC1C60044E84C /* Features */ = {
			isa = PBXGroup;
			children = (
				50FCB0922EEBC1B60044E84C /* AdminRootView.swift */,
			);
			path = Features;
			sourceTree = "<group>";
		};
		50FCB09B2EEBC1CD0044E84C /* Services */ = {
			isa = PBXGroup;
			children = (
			);
			path = Services;
			sourceTree = "<group>";
		};
		50FCB09C2EEBC1D30044E84C /* Models */ = {
			isa = PBXGroup;
			children = (
				5057ABCA2EED198A008EC20C /* Order.swift */,
				5057ABCB2EED198A008EC20C /* MenuItem.swift */,
			);
			path = Models;
			sourceTree = "<group>";
		};
/* End PBXGroup section */

/* Begin PBXNativeTarget section */
		50FCB05C2EEB9A4B0044E84C /* Bayside-Admin */ = {
			isa = PBXNativeTarget;
			buildConfigurationList = 50FCB0682EEB9A4C0044E84C /* Build configuration list for PBXNativeTarget "Bayside-Admin" */;
			buildPhases = (
				50FCB0592EEB9A4B0044E84C /* Sources */,
				50FCB05A2EEB9A4B0044E84C /* Frameworks */,
				50FCB05B2EEB9A4B0044E84C /* Resources */,
			);
			buildRules = (
			);
			dependencies = (
			);
			name = "Bayside-Admin";
			packageProductDependencies = (
				50FCB07B2EEB9AFB0044E84C /* Auth */,
				50FCB07D2EEB9AFB0044E84C /* PostgREST */,
				50FCB07F2EEB9AFB0044E84C /* Realtime */,
				50FCB0812EEB9AFB0044E84C /* Storage */,
			);
			productName = "Bayside-Admin";
			productReference = 50FCB05D2EEB9A4B0044E84C /* Bayside-Admin.app */;
			productType = "com.apple.product-type.application";
		};
/* End PBXNativeTarget section */

/* Begin PBXProject section */
		50FCB0552EEB9A4B0044E84C /* Project object */ = {
			isa = PBXProject;
			attributes = {
				BuildIndependentTargetsInParallel = 1;
				LastSwiftUpdateCheck = 2610;
				LastUpgradeCheck = 2610;
				TargetAttributes = {
					50FCB05C2EEB9A4B0044E84C = {
						CreatedOnToolsVersion = 26.1.1;
					};
				};
			};
			buildConfigurationList = 50FCB0582EEB9A4B0044E84C /* Build configuration list for PBXProject "Bayside-Admin" */;
			developmentRegion = en;
			hasScannedForEncodings = 0;
			knownRegions = (
				en,
				Base,
			);
			mainGroup = 50FCB0542EEB9A4B0044E84C;
			minimizedProjectReferenceProxies = 1;
			packageReferences = (
				50FCB07A2EEB9AFB0044E84C /* XCRemoteSwiftPackageReference "supabase-swift" */,
			);
			preferredProjectObjectVersion = 77;
			productRefGroup = 50FCB05E2EEB9A4B0044E84C /* Products */;
			projectDirPath = "";
			projectRoot = "";
			targets = (
				50FCB05C2EEB9A4B0044E84C /* Bayside-Admin */,
			);
		};
/* End PBXProject section */

/* Begin PBXResourcesBuildPhase section */
		50FCB05B2EEB9A4B0044E84C /* Resources */ = {
			isa = PBXResourcesBuildPhase;
			buildActionMask = 2147483647;
			files = (
				50FCB0982EEBC1B60044E84C /* Assets.xcassets in Resources */,
				50FCB0862EEB9F9A0044E84C /* Config.xcconfig in Resources */,
			);
			runOnlyForDeploymentPostprocessing = 0;
		};
/* End PBXResourcesBuildPhase section */

/* Begin PBXSourcesBuildPhase section */
		50FCB0592EEB9A4B0044E84C /* Sources */ = {
			isa = PBXSourcesBuildPhase;
			buildActionMask = 2147483647;
			files = (
				50FCB0962EEBC1B60044E84C /* AdminRootView.swift in Sources */,
				5057ABCC2EED198A008EC20C /* MenuItem.swift in Sources */,
				5057ABCD2EED198A008EC20C /* Order.swift in Sources */,
				50FCB0972EEBC1B60044E84C /* Bayside_AdminApp.swift in Sources */,
			);
			runOnlyForDeploymentPostprocessing = 0;
		};
/* End PBXSourcesBuildPhase section */

/* Begin XCBuildConfiguration section */
		50FCB0662EEB9A4C0044E84C /* Debug */ = {
			isa = XCBuildConfiguration;
			buildSettings = {
				ALWAYS_SEARCH_USER_PATHS = NO;
				ASSETCATALOG_COMPILER_GENERATE_SWIFT_ASSET_SYMBOL_EXTENSIONS = YES;
				CLANG_ANALYZER_NONNULL = YES;
				CLANG_ANALYZER_NUMBER_OBJECT_CONVERSION = YES_AGGRESSIVE;
				CLANG_CXX_LANGUAGE_STANDARD = "gnu++20";
				CLANG_ENABLE_MODULES = YES;
				CLANG_ENABLE_OBJC_ARC = YES;
				CLANG_ENABLE_OBJC_WEAK = YES;
				CLANG_WARN_BLOCK_CAPTURE_AUTORELEASING = YES;
				CLANG_WARN_BOOL_CONVERSION = YES;
				CLANG_WARN_COMMA = YES;
				CLANG_WARN_CONSTANT_CONVERSION = YES;
				CLANG_WARN_DEPRECATED_OBJC_IMPLEMENTATIONS = YES;
				CLANG_WARN_DIRECT_OBJC_ISA_USAGE = YES_ERROR;
				CLANG_WARN_DOCUMENTATION_COMMENTS = YES;
				CLANG_WARN_EMPTY_BODY = YES;
				CLANG_WARN_ENUM_CONVERSION = YES;
				CLANG_WARN_INFINITE_RECURSION = YES;
				CLANG_WARN_INT_CONVERSION = YES;
				CLANG_WARN_NON_LITERAL_NULL_CONVERSION = YES;
				CLANG_WARN_OBJC_IMPLICIT_RETAIN_SELF = YES;
				CLANG_WARN_OBJC_LITERAL_CONVERSION = YES;
				CLANG_WARN_OBJC_ROOT_CLASS = YES_ERROR;
				CLANG_WARN_QUOTED_INCLUDE_IN_FRAMEWORK_HEADER = YES;
				CLANG_WARN_RANGE_LOOP_ANALYSIS = YES;
				CLANG_WARN_STRICT_PROTOTYPES = YES;
				CLANG_WARN_SUSPICIOUS_MOVE = YES;
				CLANG_WARN_UNGUARDED_AVAILABILITY = YES_AGGRESSIVE;
				CLANG_WARN_UNREACHABLE_CODE = YES;
				CLANG_WARN__DUPLICATE_METHOD_MATCH = YES;
				COPY_PHASE_STRIP = NO;
				DEBUG_INFORMATION_FORMAT = dwarf;
				DEVELOPMENT_TEAM = 7C7Q223T5G;
				ENABLE_STRICT_OBJC_MSGSEND = YES;
				ENABLE_TESTABILITY = YES;
				ENABLE_USER_SCRIPT_SANDBOXING = YES;
				GCC_C_LANGUAGE_STANDARD = gnu17;
				GCC_DYNAMIC_NO_PIC = NO;
				GCC_NO_COMMON_BLOCKS = YES;
				GCC_OPTIMIZATION_LEVEL = 0;
				GCC_PREPROCESSOR_DEFINITIONS = (
					"DEBUG=1",
					"$(inherited)",
				);
				GCC_WARN_64_TO_32_BIT_CONVERSION = YES;
				GCC_WARN_ABOUT_RETURN_TYPE = YES_ERROR;
				GCC_WARN_UNDECLARED_SELECTOR = YES;
				GCC_WARN_UNINITIALIZED_AUTOS = YES_AGGRESSIVE;
				GCC_WARN_UNUSED_FUNCTION = YES;
				GCC_WARN_UNUSED_VARIABLE = YES;
				IPHONEOS_DEPLOYMENT_TARGET = 26.1;
				LOCALIZATION_PREFERS_STRING_CATALOGS = YES;
				MTL_ENABLE_DEBUG_INFO = INCLUDE_SOURCE;
				MTL_FAST_MATH = YES;
				ONLY_ACTIVE_ARCH = YES;
				SDKROOT = iphoneos;
				SWIFT_ACTIVE_COMPILATION_CONDITIONS = "DEBUG $(inherited)";
				SWIFT_OPTIMIZATION_LEVEL = "-Onone";
			};
			name = Debug;
		};
		50FCB0672EEB9A4C0044E84C /* Release */ = {
			isa = XCBuildConfiguration;
			buildSettings = {
				ALWAYS_SEARCH_USER_PATHS = NO;
				ASSETCATALOG_COMPILER_GENERATE_SWIFT_ASSET_SYMBOL_EXTENSIONS = YES;
				CLANG_ANALYZER_NONNULL = YES;
				CLANG_ANALYZER_NUMBER_OBJECT_CONVERSION = YES_AGGRESSIVE;
				CLANG_CXX_LANGUAGE_STANDARD = "gnu++20";
				CLANG_ENABLE_MODULES = YES;
				CLANG_ENABLE_OBJC_ARC = YES;
				CLANG_ENABLE_OBJC_WEAK = YES;
				CLANG_WARN_BLOCK_CAPTURE_AUTORELEASING = YES;
				CLANG_WARN_BOOL_CONVERSION = YES;
				CLANG_WARN_COMMA = YES;
				CLANG_WARN_CONSTANT_CONVERSION = YES;
				CLANG_WARN_DEPRECATED_OBJC_IMPLEMENTATIONS = YES;
				CLANG_WARN_DIRECT_OBJC_ISA_USAGE = YES_ERROR;
				CLANG_WARN_DOCUMENTATION_COMMENTS = YES;
				CLANG_WARN_EMPTY_BODY = YES;
				CLANG_WARN_ENUM_CONVERSION = YES;
				CLANG_WARN_INFINITE_RECURSION = YES;
				CLANG_WARN_INT_CONVERSION = YES;
				CLANG_WARN_NON_LITERAL_NULL_CONVERSION = YES;
				CLANG_WARN_OBJC_IMPLICIT_RETAIN_SELF = YES;
				CLANG_WARN_OBJC_LITERAL_CONVERSION = YES;
				CLANG_WARN_OBJC_ROOT_CLASS = YES_ERROR;
				CLANG_WARN_QUOTED_INCLUDE_IN_FRAMEWORK_HEADER = YES;
				CLANG_WARN_RANGE_LOOP_ANALYSIS = YES;
				CLANG_WARN_STRICT_PROTOTYPES = YES;
				CLANG_WARN_SUSPICIOUS_MOVE = YES;
				CLANG_WARN_UNGUARDED_AVAILABILITY = YES_AGGRESSIVE;
				CLANG_WARN_UNREACHABLE_CODE = YES;
				CLANG_WARN__DUPLICATE_METHOD_MATCH = YES;
				COPY_PHASE_STRIP = NO;
				DEBUG_INFORMATION_FORMAT = "dwarf-with-dsym";
				DEVELOPMENT_TEAM = 7C7Q223T5G;
				ENABLE_NS_ASSERTIONS = NO;
				ENABLE_STRICT_OBJC_MSGSEND = YES;
				ENABLE_USER_SCRIPT_SANDBOXING = YES;
				GCC_C_LANGUAGE_STANDARD = gnu17;
				GCC_NO_COMMON_BLOCKS = YES;
				GCC_WARN_64_TO_32_BIT_CONVERSION = YES;
				GCC_WARN_ABOUT_RETURN_TYPE = YES_ERROR;
				GCC_WARN_UNDECLARED_SELECTOR = YES;
				GCC_WARN_UNINITIALIZED_AUTOS = YES_AGGRESSIVE;
				GCC_WARN_UNUSED_FUNCTION = YES;
				GCC_WARN_UNUSED_VARIABLE = YES;
				IPHONEOS_DEPLOYMENT_TARGET = 26.1;
				LOCALIZATION_PREFERS_STRING_CATALOGS = YES;
				MTL_ENABLE_DEBUG_INFO = NO;
				MTL_FAST_MATH = YES;
				SDKROOT = iphoneos;
				SWIFT_COMPILATION_MODE = wholemodule;
				VALIDATE_PRODUCT = YES;
			};
			name = Release;
		};
		50FCB0692EEB9A4C0044E84C /* Debug */ = {
			isa = XCBuildConfiguration;
			buildSettings = {
				ASSETCATALOG_COMPILER_APPICON_NAME = AppIcon;
				ASSETCATALOG_COMPILER_GLOBAL_ACCENT_COLOR_NAME = AccentColor;
				CODE_SIGN_STYLE = Automatic;
				CURRENT_PROJECT_VERSION = 1;
				DEVELOPMENT_TEAM = 7C7Q223T5G;
				ENABLE_PREVIEWS = YES;
				GENERATE_INFOPLIST_FILE = YES;
				INFOPLIST_FILE = "Bayside-Admin/Info.plist";
				INFOPLIST_KEY_UIApplicationSceneManifest_Generation = YES;
				INFOPLIST_KEY_UIApplicationSupportsIndirectInputEvents = YES;
				INFOPLIST_KEY_UILaunchScreen_Generation = YES;
				INFOPLIST_KEY_UISupportedInterfaceOrientations_iPad = "UIInterfaceOrientationPortrait UIInterfaceOrientationPortraitUpsideDown UIInterfaceOrientationLandscapeLeft UIInterfaceOrientationLandscapeRight";
				INFOPLIST_KEY_UISupportedInterfaceOrientations_iPhone = "UIInterfaceOrientationPortrait UIInterfaceOrientationLandscapeLeft UIInterfaceOrientationLandscapeRight";
				LD_RUNPATH_SEARCH_PATHS = (
					"$(inherited)",
					"@executable_path/Frameworks",
				);
				MARKETING_VERSION = 1.0;
				PRODUCT_BUNDLE_IDENTIFIER = "com.harshmakwana.Bayside-Admin";
				PRODUCT_NAME = "$(TARGET_NAME)";
				STRING_CATALOG_GENERATE_SYMBOLS = YES;
				SWIFT_APPROACHABLE_CONCURRENCY = YES;
				SWIFT_DEFAULT_ACTOR_ISOLATION = MainActor;
				SWIFT_EMIT_LOC_STRINGS = YES;
				SWIFT_UPCOMING_FEATURE_MEMBER_IMPORT_VISIBILITY = YES;
				SWIFT_VERSION = 5.0;
				TARGETED_DEVICE_FAMILY = "1,2";
			};
			name = Debug;
		};
		50FCB06A2EEB9A4C0044E84C /* Release */ = {
			isa = XCBuildConfiguration;
			buildSettings = {
				ASSETCATALOG_COMPILER_APPICON_NAME = AppIcon;
				ASSETCATALOG_COMPILER_GLOBAL_ACCENT_COLOR_NAME = AccentColor;
				CODE_SIGN_STYLE = Automatic;
				CURRENT_PROJECT_VERSION = 1;
				DEVELOPMENT_TEAM = 7C7Q223T5G;
				ENABLE_PREVIEWS = YES;
				GENERATE_INFOPLIST_FILE = YES;
				INFOPLIST_FILE = "Bayside-Admin/Info.plist";
				INFOPLIST_KEY_UIApplicationSceneManifest_Generation = YES;
				INFOPLIST_KEY_UIApplicationSupportsIndirectInputEvents = YES;
				INFOPLIST_KEY_UILaunchScreen_Generation = YES;
				INFOPLIST_KEY_UISupportedInterfaceOrientations_iPad = "UIInterfaceOrientationPortrait UIInterfaceOrientationPortraitUpsideDown UIInterfaceOrientationLandscapeLeft UIInterfaceOrientationLandscapeRight";
				INFOPLIST_KEY_UISupportedInterfaceOrientations_iPhone = "UIInterfaceOrientationPortrait UIInterfaceOrientationLandscapeLeft UIInterfaceOrientationLandscapeRight";
				LD_RUNPATH_SEARCH_PATHS = (
					"$(inherited)",
					"@executable_path/Frameworks",
				);
				MARKETING_VERSION = 1.0;
				PRODUCT_BUNDLE_IDENTIFIER = "com.harshmakwana.Bayside-Admin";
				PRODUCT_NAME = "$(TARGET_NAME)";
				STRING_CATALOG_GENERATE_SYMBOLS = YES;
				SWIFT_APPROACHABLE_CONCURRENCY = YES;
				SWIFT_DEFAULT_ACTOR_ISOLATION = MainActor;
				SWIFT_EMIT_LOC_STRINGS = YES;
				SWIFT_UPCOMING_FEATURE_MEMBER_IMPORT_VISIBILITY = YES;
				SWIFT_VERSION = 5.0;
				TARGETED_DEVICE_FAMILY = "1,2";
			};
			name = Release;
		};
/* End XCBuildConfiguration section */

/* Begin XCConfigurationList section */
		50FCB0582EEB9A4B0044E84C /* Build configuration list for PBXProject "Bayside-Admin" */ = {
			isa = XCConfigurationList;
			buildConfigurations = (
				50FCB0662EEB9A4C0044E84C /* Debug */,
				50FCB0672EEB9A4C0044E84C /* Release */,
			);
			defaultConfigurationIsVisible = 0;
			defaultConfigurationName = Release;
		};
		50FCB0682EEB9A4C0044E84C /* Build configuration list for PBXNativeTarget "Bayside-Admin" */ = {
			isa = XCConfigurationList;
			buildConfigurations = (
				50FCB0692EEB9A4C0044E84C /* Debug */,
				50FCB06A2EEB9A4C0044E84C /* Release */,
			);
			defaultConfigurationIsVisible = 0;
			defaultConfigurationName = Release;
		};
/* End XCConfigurationList section */

/* Begin XCRemoteSwiftPackageReference section */
		50FCB07A2EEB9AFB0044E84C /* XCRemoteSwiftPackageReference "supabase-swift" */ = {
			isa = XCRemoteSwiftPackageReference;
			repositoryURL = "https://github.com/supabase/supabase-swift";
			requirement = {
				kind = upToNextMajorVersion;
				minimumVersion = 2.5.1;
			};
		};
/* End XCRemoteSwiftPackageReference section */

/* Begin XCSwiftPackageProductDependency section */
		50FCB07B2EEB9AFB0044E84C /* Auth */ = {
			isa = XCSwiftPackageProductDependency;
			package = 50FCB07A2EEB9AFB0044E84C /* XCRemoteSwiftPackageReference "supabase-swift" */;
			productName = Auth;
		};
		50FCB07D2EEB9AFB0044E84C /* PostgREST */ = {
			isa = XCSwiftPackageProductDependency;
			package = 50FCB07A2EEB9AFB0044E84C /* XCRemoteSwiftPackageReference "supabase-swift" */;
			productName = PostgREST;
		};
		50FCB07F2EEB9AFB0044E84C /* Realtime */ = {
			isa = XCSwiftPackageProductDependency;
			package = 50FCB07A2EEB9AFB0044E84C /* XCRemoteSwiftPackageReference "supabase-swift" */;
			productName = Realtime;
		};
		50FCB0812EEB9AFB0044E84C /* Storage */ = {
			isa = XCSwiftPackageProductDependency;
			package = 50FCB07A2EEB9AFB0044E84C /* XCRemoteSwiftPackageReference "supabase-swift" */;
			productName = Storage;
		};
/* End XCSwiftPackageProductDependency section */
	};
	rootObject = 50FCB0552EEB9A4B0044E84C /* Project object */;
}
